// !$*UTF8*$!
{
	archiveVersion = 1;
	classes = {
	};
	objectVersion = 46;
	objects = {

/* Begin PBXBuildFile section */
		3B033BC9165D8ED400CA4EE4 /* RotaryStepper.cpp in Sources */ = {isa = PBXBuildFile; fileRef = 3B033BC7165D8ED400CA4EE4 /* RotaryStepper.cpp */; };
		3B815AC9165C3D7300F9F35B /* main.cpp in Sources */ = {isa = PBXBuildFile; fileRef = 3B815AC8165C3D7300F9F35B /* main.cpp */; };
		3BBCD584166D17A800AC4DE4 /* interpolation.cpp in Sources */ = {isa = PBXBuildFile; fileRef = 3BBCD583166D17A800AC4DE4 /* interpolation.cpp */; };
		3BC288C51670E89100F368D1 /* Keyframe.cpp in Sources */ = {isa = PBXBuildFile; fileRef = 3BC288C31670E89100F368D1 /* Keyframe.cpp */; };
/* End PBXBuildFile section */

/* Begin PBXCopyFilesBuildPhase section */
		3B815AC2165C3D7300F9F35B /* CopyFiles */ = {
			isa = PBXCopyFilesBuildPhase;
			buildActionMask = 2147483647;
			dstPath = /usr/share/man/man1/;
			dstSubfolderSpec = 0;
			files = (
			);
			runOnlyForDeploymentPostprocessing = 1;
		};
/* End PBXCopyFilesBuildPhase section */

/* Begin PBXFileReference section */
		3B033BC7165D8ED400CA4EE4 /* RotaryStepper.cpp */ = {isa = PBXFileReference; fileEncoding = 4; lastKnownFileType = sourcecode.cpp.cpp; name = RotaryStepper.cpp; path = ../KronosMotionControl/RotaryStepper.cpp; sourceTree = "<group>"; };
		3B033BC8165D8ED400CA4EE4 /* RotaryStepper.h */ = {isa = PBXFileReference; fileEncoding = 4; lastKnownFileType = sourcecode.c.h; name = RotaryStepper.h; path = ../KronosMotionControl/RotaryStepper.h; sourceTree = "<group>"; };
		3B564C33166D09960075F593 /* interpolation.h */ = {isa = PBXFileReference; lastKnownFileType = sourcecode.c.h; name = interpolation.h; path = ../KronosMotionControl/interpolation.h; sourceTree = "<group>"; };
		3B815AC4165C3D7300F9F35B /* KronosMotionControlSimulator */ = {isa = PBXFileReference; explicitFileType = "compiled.mach-o.executable"; includeInIndex = 0; path = KronosMotionControlSimulator; sourceTree = BUILT_PRODUCTS_DIR; };
		3B815AC8165C3D7300F9F35B /* main.cpp */ = {isa = PBXFileReference; lastKnownFileType = sourcecode.cpp.cpp; path = main.cpp; sourceTree = "<group>"; };
		3BBCD583166D17A800AC4DE4 /* interpolation.cpp */ = {isa = PBXFileReference; fileEncoding = 4; lastKnownFileType = sourcecode.cpp.cpp; name = interpolation.cpp; path = ../KronosMotionControl/interpolation.cpp; sourceTree = "<group>"; };
		3BC288C31670E89100F368D1 /* Keyframe.cpp */ = {isa = PBXFileReference; fileEncoding = 4; lastKnownFileType = sourcecode.cpp.cpp; name = Keyframe.cpp; path = ../KronosMotionControl/Keyframe.cpp; sourceTree = "<group>"; };
		3BC288C41670E89100F368D1 /* Keyframe.h */ = {isa = PBXFileReference; fileEncoding = 4; lastKnownFileType = sourcecode.c.h; name = Keyframe.h; path = ../KronosMotionControl/Keyframe.h; sourceTree = "<group>"; };
/* End PBXFileReference section */

/* Begin PBXFrameworksBuildPhase section */
		3B815AC1165C3D7300F9F35B /* Frameworks */ = {
			isa = PBXFrameworksBuildPhase;
			buildActionMask = 2147483647;
			files = (
			);
			runOnlyForDeploymentPostprocessing = 0;
		};
/* End PBXFrameworksBuildPhase section */

/* Begin PBXGroup section */
		3B033BCA165D8EF200CA4EE4 /* KronosMotionControl */ = {
			isa = PBXGroup;
			children = (
				3B033BC7165D8ED400CA4EE4 /* RotaryStepper.cpp */,
				3B033BC8165D8ED400CA4EE4 /* RotaryStepper.h */,
				3BC288C31670E89100F368D1 /* Keyframe.cpp */,
				3BC288C41670E89100F368D1 /* Keyframe.h */,
				3B564C33166D09960075F593 /* interpolation.h */,
				3BBCD583166D17A800AC4DE4 /* interpolation.cpp */,
			);
			name = KronosMotionControl;
			sourceTree = "<group>";
		};
		3B815AB9165C3D7300F9F35B = {
			isa = PBXGroup;
			children = (
				3B033BCA165D8EF200CA4EE4 /* KronosMotionControl */,
				3B815AC7165C3D7300F9F35B /* Simulator */,
				3B815AC5165C3D7300F9F35B /* Products */,
			);
			sourceTree = "<group>";
		};
		3B815AC5165C3D7300F9F35B /* Products */ = {
			isa = PBXGroup;
			children = (
				3B815AC4165C3D7300F9F35B /* KronosMotionControlSimulator */,
			);
			name = Products;
			sourceTree = "<group>";
		};
		3B815AC7165C3D7300F9F35B /* Simulator */ = {
			isa = PBXGroup;
			children = (
				3B815AC8165C3D7300F9F35B /* main.cpp */,
			);
			name = Simulator;
			path = KronosMotionControlSimulator;
			sourceTree = "<group>";
		};
/* End PBXGroup section */

/* Begin PBXNativeTarget section */
		3B815AC3165C3D7300F9F35B /* KronosMotionControlSimulator */ = {
			isa = PBXNativeTarget;
			buildConfigurationList = 3B815ACE165C3D7300F9F35B /* Build configuration list for PBXNativeTarget "KronosMotionControlSimulator" */;
			buildPhases = (
				3B815AC0165C3D7300F9F35B /* Sources */,
				3B815AC1165C3D7300F9F35B /* Frameworks */,
				3B815AC2165C3D7300F9F35B /* CopyFiles */,
			);
			buildRules = (
			);
			dependencies = (
			);
			name = KronosMotionControlSimulator;
			productName = KronosMotionControlSimulator;
			productReference = 3B815AC4165C3D7300F9F35B /* KronosMotionControlSimulator */;
			productType = "com.apple.product-type.tool";
		};
/* End PBXNativeTarget section */

/* Begin PBXProject section */
		3B815ABB165C3D7300F9F35B /* Project object */ = {
			isa = PBXProject;
			attributes = {
				LastUpgradeCheck = 0450;
				ORGANIZATIONNAME = "hltn co";
			};
			buildConfigurationList = 3B815ABE165C3D7300F9F35B /* Build configuration list for PBXProject "KronosMotionControlSimulator" */;
			compatibilityVersion = "Xcode 3.2";
			developmentRegion = English;
			hasScannedForEncodings = 0;
			knownRegions = (
				en,
			);
			mainGroup = 3B815AB9165C3D7300F9F35B;
			productRefGroup = 3B815AC5165C3D7300F9F35B /* Products */;
			projectDirPath = "";
			projectRoot = "";
			targets = (
				3B815AC3165C3D7300F9F35B /* KronosMotionControlSimulator */,
			);
		};
/* End PBXProject section */

/* Begin PBXSourcesBuildPhase section */
		3B815AC0165C3D7300F9F35B /* Sources */ = {
			isa = PBXSourcesBuildPhase;
			buildActionMask = 2147483647;
			files = (
				3B815AC9165C3D7300F9F35B /* main.cpp in Sources */,
				3B033BC9165D8ED400CA4EE4 /* RotaryStepper.cpp in Sources */,
				3BBCD584166D17A800AC4DE4 /* interpolation.cpp in Sources */,
				3BC288C51670E89100F368D1 /* Keyframe.cpp in Sources */,
			);
			runOnlyForDeploymentPostprocessing = 0;
		};
/* End PBXSourcesBuildPhase section */

/* Begin XCBuildConfiguration section */
		3B815ACC165C3D7300F9F35B /* Debug */ = {
			isa = XCBuildConfiguration;
			buildSettings = {
				ALWAYS_SEARCH_USER_PATHS = NO;
				ARCHS = "$(ARCHS_STANDARD_64_BIT)";
				CLANG_CXX_LANGUAGE_STANDARD = "gnu++0x";
				CLANG_CXX_LIBRARY = "libc++";
				CLANG_WARN_EMPTY_BODY = YES;
				CLANG_WARN__DUPLICATE_METHOD_MATCH = YES;
				COPY_PHASE_STRIP = NO;
				GCC_C_LANGUAGE_STANDARD = gnu99;
				GCC_DYNAMIC_NO_PIC = NO;
				GCC_ENABLE_OBJC_EXCEPTIONS = YES;
				GCC_OPTIMIZATION_LEVEL = 0;
				GCC_PREPROCESSOR_DEFINITIONS = (
					"DEBUG=1",
					"$(inherited)",
				);
				GCC_SYMBOLS_PRIVATE_EXTERN = NO;
				GCC_WARN_64_TO_32_BIT_CONVERSION = YES;
				GCC_WARN_ABOUT_RETURN_TYPE = YES;
				GCC_WARN_UNINITIALIZED_AUTOS = YES;
				GCC_WARN_UNUSED_VARIABLE = YES;
				MACOSX_DEPLOYMENT_TARGET = 10.7;
				ONLY_ACTIVE_ARCH = YES;
				SDKROOT = macosx;
			};
			name = Debug;
		};
		3B815ACD165C3D7300F9F35B /* Release */ = {
			isa = XCBuildConfiguration;
			buildSettings = {
				ALWAYS_SEARCH_USER_PATHS = NO;
				ARCHS = "$(ARCHS_STANDARD_64_BIT)";
				CLANG_CXX_LANGUAGE_STANDARD = "gnu++0x";
				CLANG_CXX_LIBRARY = "libc++";
				CLANG_WARN_EMPTY_BODY = YES;
				CLANG_WARN__DUPLICATE_METHOD_MATCH = YES;
				COPY_PHASE_STRIP = YES;
				DEBUG_INFORMATION_FORMAT = "dwarf-with-dsym";
				GCC_C_LANGUAGE_STANDARD = gnu99;
				GCC_ENABLE_OBJC_EXCEPTIONS = YES;
				GCC_WARN_64_TO_32_BIT_CONVERSION = YES;
				GCC_WARN_ABOUT_RETURN_TYPE = YES;
				GCC_WARN_UNINITIALIZED_AUTOS = YES;
				GCC_WARN_UNUSED_VARIABLE = YES;
				MACOSX_DEPLOYMENT_TARGET = 10.7;
				SDKROOT = macosx;
			};
			name = Release;
		};
		3B815ACF165C3D7300F9F35B /* Debug */ = {
			isa = XCBuildConfiguration;
			buildSettings = {
				"GCC_PREPROCESSOR_DEFINITIONS[arch=*]" = "_SIMULATOR=1";
				New_Setting = "";
				"OTHER_CPLUSPLUSFLAGS[arch=*]" = "$(_SIMULATOR)";
				PRODUCT_NAME = "$(TARGET_NAME)";
				SDKROOT = macosx10.7;
			};
			name = Debug;
		};
		3B815AD0165C3D7300F9F35B /* Release */ = {
			isa = XCBuildConfiguration;
			buildSettings = {
				"GCC_PREPROCESSOR_DEFINITIONS[arch=*]" = "_SIMULATOR=1";
				New_Setting = "";
				PRODUCT_NAME = "$(TARGET_NAME)";
				SDKROOT = macosx10.7;
			};
			name = Release;
		};
/* End XCBuildConfiguration section */

/* Begin XCConfigurationList section */
		3B815ABE165C3D7300F9F35B /* Build configuration list for PBXProject "KronosMotionControlSimulator" */ = {
			isa = XCConfigurationList;
			buildConfigurations = (
				3B815ACC165C3D7300F9F35B /* Debug */,
				3B815ACD165C3D7300F9F35B /* Release */,
			);
			defaultConfigurationIsVisible = 0;
			defaultConfigurationName = Release;
		};
		3B815ACE165C3D7300F9F35B /* Build configuration list for PBXNativeTarget "KronosMotionControlSimulator" */ = {
			isa = XCConfigurationList;
			buildConfigurations = (
				3B815ACF165C3D7300F9F35B /* Debug */,
				3B815AD0165C3D7300F9F35B /* Release */,
			);
			defaultConfigurationIsVisible = 0;
			defaultConfigurationName = Release;
		};
/* End XCConfigurationList section */
	};
	rootObject = 3B815ABB165C3D7300F9F35B /* Project object */;
}
